
Microsoft Visual Studio Solution File, Format Version 12.00
# Visual Studio 15
VisualStudioVersion = 15.0.28307.1705
MinimumVisualStudioVersion = 10.0.40219.1
Project("{8BC9CEB8-8B4A-11D0-8D11-00A0C91BC942}") = "HW", "HW\HW.vcxproj", "{71974121-7C63-4EA1-BD57-225D3D70163F}"
EndProject
Global
	GlobalSection(SolutionConfigurationPlatforms) = preSolution
		Debug|x64 = Debug|x64
		Debug|x86 = Debug|x86
		Release|x64 = Release|x64
		Release|x86 = Release|x86
	EndGlobalSection
	GlobalSection(ProjectConfigurationPlatforms) = postSolution
		{71974121-7C63-4EA1-BD57-225D3D70163F}.Debug|x64.ActiveCfg = Debug|x64
		{71974121-7C63-4EA1-BD57-225D3D70163F}.Debug|x64.Build.0 = Debug|x64
		{71974121-7C63-4EA1-BD57-225D3D70163F}.Debug|x86.ActiveCfg = Debug|Win32
		{71974121-7C63-4EA1-BD57-225D3D70163F}.Debug|x86.Build.0 = Debug|Win32
		{71974121-7C63-4EA1-BD57-225D3D70163F}.Release|x64.ActiveCfg = Release|x64
		{71974121-7C63-4EA1-BD57-225D3D70163F}.Release|x64.Build.0 = Release|x64
		{71974121-7C63-4EA1-BD57-225D3D70163F}.Release|x86.ActiveCfg = Release|Win32
		{71974121-7C63-4EA1-BD57-225D3D70163F}.Release|x86.Build.0 = Release|Win32
	EndGlobalSection
	GlobalSection(SolutionProperties) = preSolution
		HideSolutionNode = FALSE
	EndGlobalSection
	GlobalSection(ExtensibilityGlobals) = postSolution
		SolutionGuid = {A92EA90E-E1A0-472E-A723-3952DC8F60B1}
	EndGlobalSection
EndGlobal
